
Microsoft Visual Studio Solution File, Format Version 12.00
# Visual Studio Version 17
VisualStudioVersion = 17.5.33414.496
MinimumVisualStudioVersion = 10.0.40219.1
Project("{9A19103F-16F7-4668-BE54-9A1E7A4F7556}") = "FabricMethod", "FabricMethod\FabricMethod.csproj", "{F440226D-1A23-42C8-A797-948E373F4315}"
EndProject
Project("{9A19103F-16F7-4668-BE54-9A1E7A4F7556}") = "AbstractFabric", "AbstractFabric\AbstractFabric.csproj", "{83DD64C6-64EF-4843-88FD-2B724D2A2FFF}"
EndProject
Project("{9A19103F-16F7-4668-BE54-9A1E7A4F7556}") = "Singleton", "Singleton\Singleton.csproj", "{02056469-F18E-45C8-B168-5C6A0B32144C}"
EndProject
Project("{9A19103F-16F7-4668-BE54-9A1E7A4F7556}") = "Builder", "Builder\Builder.csproj", "{47A09FDD-5718-429D-8A1A-579B41DE61F2}"
EndProject
Project("{FAE04EC0-301F-11D3-BF4B-00C04F79EFBC}") = "Prototype", "Prototype\Prototype.csproj", "{6CBAE4F8-0696-44B0-B8E9-62191B2120A1}"
EndProject
Global
	GlobalSection(SolutionConfigurationPlatforms) = preSolution
		Debug|Any CPU = Debug|Any CPU
		Release|Any CPU = Release|Any CPU
	EndGlobalSection
	GlobalSection(ProjectConfigurationPlatforms) = postSolution
		{F440226D-1A23-42C8-A797-948E373F4315}.Debug|Any CPU.ActiveCfg = Debug|Any CPU
		{F440226D-1A23-42C8-A797-948E373F4315}.Debug|Any CPU.Build.0 = Debug|Any CPU
		{F440226D-1A23-42C8-A797-948E373F4315}.Release|Any CPU.ActiveCfg = Release|Any CPU
		{F440226D-1A23-42C8-A797-948E373F4315}.Release|Any CPU.Build.0 = Release|Any CPU
		{83DD64C6-64EF-4843-88FD-2B724D2A2FFF}.Debug|Any CPU.ActiveCfg = Debug|Any CPU
		{83DD64C6-64EF-4843-88FD-2B724D2A2FFF}.Debug|Any CPU.Build.0 = Debug|Any CPU
		{83DD64C6-64EF-4843-88FD-2B724D2A2FFF}.Release|Any CPU.ActiveCfg = Release|Any CPU
		{83DD64C6-64EF-4843-88FD-2B724D2A2FFF}.Release|Any CPU.Build.0 = Release|Any CPU
		{02056469-F18E-45C8-B168-5C6A0B32144C}.Debug|Any CPU.ActiveCfg = Debug|Any CPU
		{02056469-F18E-45C8-B168-5C6A0B32144C}.Debug|Any CPU.Build.0 = Debug|Any CPU
		{02056469-F18E-45C8-B168-5C6A0B32144C}.Release|Any CPU.ActiveCfg = Release|Any CPU
		{02056469-F18E-45C8-B168-5C6A0B32144C}.Release|Any CPU.Build.0 = Release|Any CPU
		{47A09FDD-5718-429D-8A1A-579B41DE61F2}.Debug|Any CPU.ActiveCfg = Debug|Any CPU
		{47A09FDD-5718-429D-8A1A-579B41DE61F2}.Debug|Any CPU.Build.0 = Debug|Any CPU
		{47A09FDD-5718-429D-8A1A-579B41DE61F2}.Release|Any CPU.ActiveCfg = Release|Any CPU
		{47A09FDD-5718-429D-8A1A-579B41DE61F2}.Release|Any CPU.Build.0 = Release|Any CPU
		{6CBAE4F8-0696-44B0-B8E9-62191B2120A1}.Debug|Any CPU.ActiveCfg = Debug|Any CPU
		{6CBAE4F8-0696-44B0-B8E9-62191B2120A1}.Debug|Any CPU.Build.0 = Debug|Any CPU
		{6CBAE4F8-0696-44B0-B8E9-62191B2120A1}.Release|Any CPU.ActiveCfg = Release|Any CPU
		{6CBAE4F8-0696-44B0-B8E9-62191B2120A1}.Release|Any CPU.Build.0 = Release|Any CPU
	EndGlobalSection
	GlobalSection(SolutionProperties) = preSolution
		HideSolutionNode = FALSE
	EndGlobalSection
	GlobalSection(ExtensibilityGlobals) = postSolution
		SolutionGuid = {DD9A8B02-09B1-4422-BE5C-8759D363E9A0}
	EndGlobalSection
EndGlobal
