
Microsoft Visual Studio Solution File, Format Version 12.00
# Visual Studio Version 17
VisualStudioVersion = 17.5.33414.496
MinimumVisualStudioVersion = 10.0.40219.1
Project("{9A19103F-16F7-4668-BE54-9A1E7A4F7556}") = "Chair", "Chair\Chair.csproj", "{8713C882-284F-4AEF-A294-BA0785F5E8F0}"
EndProject
Project("{9A19103F-16F7-4668-BE54-9A1E7A4F7556}") = "Mediator", "Mediator\Mediator.csproj", "{2DFE81BA-EF2E-4113-A4B6-F277B05A1425}"
EndProject
Project("{9A19103F-16F7-4668-BE54-9A1E7A4F7556}") = "blackjack", "ForGitHub\blackjack\blackjack.csproj", "{0714DF9B-A430-475F-A1F3-9C88AAC68F74}"
EndProject
Global
	GlobalSection(SolutionConfigurationPlatforms) = preSolution
		Debug|Any CPU = Debug|Any CPU
		Release|Any CPU = Release|Any CPU
	EndGlobalSection
	GlobalSection(ProjectConfigurationPlatforms) = postSolution
		{8713C882-284F-4AEF-A294-BA0785F5E8F0}.Debug|Any CPU.ActiveCfg = Debug|Any CPU
		{8713C882-284F-4AEF-A294-BA0785F5E8F0}.Debug|Any CPU.Build.0 = Debug|Any CPU
		{8713C882-284F-4AEF-A294-BA0785F5E8F0}.Release|Any CPU.ActiveCfg = Release|Any CPU
		{8713C882-284F-4AEF-A294-BA0785F5E8F0}.Release|Any CPU.Build.0 = Release|Any CPU
		{2DFE81BA-EF2E-4113-A4B6-F277B05A1425}.Debug|Any CPU.ActiveCfg = Debug|Any CPU
		{2DFE81BA-EF2E-4113-A4B6-F277B05A1425}.Debug|Any CPU.Build.0 = Debug|Any CPU
		{2DFE81BA-EF2E-4113-A4B6-F277B05A1425}.Release|Any CPU.ActiveCfg = Release|Any CPU
		{2DFE81BA-EF2E-4113-A4B6-F277B05A1425}.Release|Any CPU.Build.0 = Release|Any CPU
		{0714DF9B-A430-475F-A1F3-9C88AAC68F74}.Debug|Any CPU.ActiveCfg = Debug|Any CPU
		{0714DF9B-A430-475F-A1F3-9C88AAC68F74}.Debug|Any CPU.Build.0 = Debug|Any CPU
		{0714DF9B-A430-475F-A1F3-9C88AAC68F74}.Release|Any CPU.ActiveCfg = Release|Any CPU
		{0714DF9B-A430-475F-A1F3-9C88AAC68F74}.Release|Any CPU.Build.0 = Release|Any CPU
	EndGlobalSection
	GlobalSection(SolutionProperties) = preSolution
		HideSolutionNode = FALSE
	EndGlobalSection
	GlobalSection(ExtensibilityGlobals) = postSolution
		SolutionGuid = {E0467817-5337-47E7-8D26-43CC209B704A}
	EndGlobalSection
EndGlobal
